
Microsoft Visual Studio Solution File, Format Version 12.00
# Visual Studio Version 17
VisualStudioVersion = 17.4.33213.308
MinimumVisualStudioVersion = 10.0.40219.1
Project("{FAE04EC0-301F-11D3-BF4B-00C04F79EFBC}") = "NotasAlunos", "NotasAlunos.csproj", "{C4BA4109-836A-4B2F-8773-06702A416FF0}"
EndProject
Global
	GlobalSection(SolutionConfigurationPlatforms) = preSolution
		Debug|Any CPU = Debug|Any CPU
		Release|Any CPU = Release|Any CPU
	EndGlobalSection
	GlobalSection(ProjectConfigurationPlatforms) = postSolution
		{C4BA4109-836A-4B2F-8773-06702A416FF0}.Debug|Any CPU.ActiveCfg = Debug|Any CPU
		{C4BA4109-836A-4B2F-8773-06702A416FF0}.Debug|Any CPU.Build.0 = Debug|Any CPU
		{C4BA4109-836A-4B2F-8773-06702A416FF0}.Release|Any CPU.ActiveCfg = Release|Any CPU
		{C4BA4109-836A-4B2F-8773-06702A416FF0}.Release|Any CPU.Build.0 = Release|Any CPU
	EndGlobalSection
	GlobalSection(SolutionProperties) = preSolution
		HideSolutionNode = FALSE
	EndGlobalSection
	GlobalSection(ExtensibilityGlobals) = postSolution
		SolutionGuid = {3AEB31E7-35A3-4E92-B5F4-5C238CAC3E5D}
	EndGlobalSection
EndGlobal
